github.com/google/uuid v1.6.0 h1:NIvaJDMOsjHA8n1jAhLSgzrAzy1Hgr+hNrb57e+94F0=
github.com/google/uuid v1.6.0/go.mod h1:TIyPZe4MgqvfeYDBFedMoGGpEw/LqOeaOT+nhxU+yHo=
github.com/seal/kappa v0.0.0-20240301154656-535aa01a1304 h1:WsAw/hxKIVehLa65/7aW3dj3hBLo786fXUvR7VdA48A=
github.com/seal/kappa v0.0.0-20240301154656-535aa01a1304/go.mod h1:+UKfyorffUOPC0gVzqcNG2bzmHgH6vXPDr+wwtkT2aM=
